// !$*UTF8*$!
{
	archiveVersion = 1;
	classes = {
	};
	objectVersion = 55;
	objects = {

/* Begin PBXBuildFile section */
		AE706ECF27995AD700387185 /* abcd.swift in Sources */ = {isa = PBXBuildFile; fileRef = AE706ECE27995AD700387185 /* abcd.swift */; };
		AE9A432B2797C256003B5DD4 /* AppDelegate.swift in Sources */ = {isa = PBXBuildFile; fileRef = AE9A432A2797C256003B5DD4 /* AppDelegate.swift */; };
		AE9A432D2797C256003B5DD4 /* SceneDelegate.swift in Sources */ = {isa = PBXBuildFile; fileRef = AE9A432C2797C256003B5DD4 /* SceneDelegate.swift */; };
		AE9A43342797C258003B5DD4 /* Assets.xcassets in Resources */ = {isa = PBXBuildFile; fileRef = AE9A43332797C258003B5DD4 /* Assets.xcassets */; };
		AE9A43372797C258003B5DD4 /* LaunchScreen.storyboard in Resources */ = {isa = PBXBuildFile; fileRef = AE9A43352797C258003B5DD4 /* LaunchScreen.storyboard */; };
		AE9A433F2797C2BD003B5DD4 /* LoginViewController.swift in Sources */ = {isa = PBXBuildFile; fileRef = AE9A433E2797C2BD003B5DD4 /* LoginViewController.swift */; };
		AE9A43422797C3C2003B5DD4 /* SnapKit in Frameworks */ = {isa = PBXBuildFile; productRef = AE9A43412797C3C2003B5DD4 /* SnapKit */; };
		AE9A43442797CDA1003B5DD4 /* EnterEmailViewController.swift in Sources */ = {isa = PBXBuildFile; fileRef = AE9A43432797CDA1003B5DD4 /* EnterEmailViewController.swift */; };
		AE9A43462797DCC1003B5DD4 /* MainViewController.swift in Sources */ = {isa = PBXBuildFile; fileRef = AE9A43452797DCC1003B5DD4 /* MainViewController.swift */; };
		AE9A43482797DEF3003B5DD4 /* GoogleService-Info.plist in Resources */ = {isa = PBXBuildFile; fileRef = AE9A43472797DEF3003B5DD4 /* GoogleService-Info.plist */; };
		AE9A434B2797E0E5003B5DD4 /* FirebaseAuth in Frameworks */ = {isa = PBXBuildFile; productRef = AE9A434A2797E0E5003B5DD4 /* FirebaseAuth */; };
		AE9A434E2797E890003B5DD4 /* GoogleSignIn in Frameworks */ = {isa = PBXBuildFile; productRef = AE9A434D2797E890003B5DD4 /* GoogleSignIn */; };
		AEA7E79527984DE900943A67 /* FirebaseMessaging in Frameworks */ = {isa = PBXBuildFile; productRef = AEA7E79427984DE900943A67 /* FirebaseMessaging */; };
/* End PBXBuildFile section */

/* Begin PBXContainerItemProxy section */
		AE706EC927995AC900387185 /* PBXContainerItemProxy */ = {
			isa = PBXContainerItemProxy;
			containerPortal = AE9A431F2797C256003B5DD4 /* Project object */;
			proxyType = 1;
			remoteGlobalIDString = AE9A43262797C256003B5DD4;
			remoteInfo = SpotifyLoginSampleApp;
		};
/* End PBXContainerItemProxy section */

/* Begin PBXFileReference section */
		AE706EC527995AC900387185 /* SpotifyLoginSampleAppTests.xctest */ = {isa = PBXFileReference; explicitFileType = wrapper.cfbundle; includeInIndex = 0; path = SpotifyLoginSampleAppTests.xctest; sourceTree = BUILT_PRODUCTS_DIR; };
		AE706ECE27995AD700387185 /* abcd.swift */ = {isa = PBXFileReference; lastKnownFileType = sourcecode.swift; path = abcd.swift; sourceTree = "<group>"; };
		AE9A43272797C256003B5DD4 /* SpotifyLoginSampleApp.app */ = {isa = PBXFileReference; explicitFileType = wrapper.application; includeInIndex = 0; path = SpotifyLoginSampleApp.app; sourceTree = BUILT_PRODUCTS_DIR; };
		AE9A432A2797C256003B5DD4 /* AppDelegate.swift */ = {isa = PBXFileReference; lastKnownFileType = sourcecode.swift; path = AppDelegate.swift; sourceTree = "<group>"; };
		AE9A432C2797C256003B5DD4 /* SceneDelegate.swift */ = {isa = PBXFileReference; lastKnownFileType = sourcecode.swift; path = SceneDelegate.swift; sourceTree = "<group>"; };
		AE9A43332797C258003B5DD4 /* Assets.xcassets */ = {isa = PBXFileReference; lastKnownFileType = folder.assetcatalog; path = Assets.xcassets; sourceTree = "<group>"; };
		AE9A43362797C258003B5DD4 /* Base */ = {isa = PBXFileReference; lastKnownFileType = file.storyboard; name = Base; path = Base.lproj/LaunchScreen.storyboard; sourceTree = "<group>"; };
		AE9A43382797C258003B5DD4 /* Info.plist */ = {isa = PBXFileReference; lastKnownFileType = text.plist.xml; path = Info.plist; sourceTree = "<group>"; };
		AE9A433E2797C2BD003B5DD4 /* LoginViewController.swift */ = {isa = PBXFileReference; lastKnownFileType = sourcecode.swift; path = LoginViewController.swift; sourceTree = "<group>"; };
		AE9A43432797CDA1003B5DD4 /* EnterEmailViewController.swift */ = {isa = PBXFileReference; lastKnownFileType = sourcecode.swift; path = EnterEmailViewController.swift; sourceTree = "<group>"; };
		AE9A43452797DCC1003B5DD4 /* MainViewController.swift */ = {isa = PBXFileReference; lastKnownFileType = sourcecode.swift; path = MainViewController.swift; sourceTree = "<group>"; };
		AE9A43472797DEF3003B5DD4 /* GoogleService-Info.plist */ = {isa = PBXFileReference; fileEncoding = 4; lastKnownFileType = text.plist.xml; path = "GoogleService-Info.plist"; sourceTree = "<group>"; };
		AE9A434F2797F4E5003B5DD4 /* SpotifyLoginSampleApp.entitlements */ = {isa = PBXFileReference; lastKnownFileType = text.plist.entitlements; path = SpotifyLoginSampleApp.entitlements; sourceTree = "<group>"; };
/* End PBXFileReference section */

/* Begin PBXFrameworksBuildPhase section */
		AE706EC227995AC900387185 /* Frameworks */ = {
			isa = PBXFrameworksBuildPhase;
			buildActionMask = 2147483647;
			files = (
			);
			runOnlyForDeploymentPostprocessing = 0;
		};
		AE9A43242797C256003B5DD4 /* Frameworks */ = {
			isa = PBXFrameworksBuildPhase;
			buildActionMask = 2147483647;
			files = (
				AEA7E79527984DE900943A67 /* FirebaseMessaging in Frameworks */,
				AE9A43422797C3C2003B5DD4 /* SnapKit in Frameworks */,
				AE9A434B2797E0E5003B5DD4 /* FirebaseAuth in Frameworks */,
				AE9A434E2797E890003B5DD4 /* GoogleSignIn in Frameworks */,
			);
			runOnlyForDeploymentPostprocessing = 0;
		};
/* End PBXFrameworksBuildPhase section */

/* Begin PBXGroup section */
		AE706EC627995AC900387185 /* SpotifyLoginSampleAppTests */ = {
			isa = PBXGroup;
			children = (
				AE706ECE27995AD700387185 /* abcd.swift */,
			);
			path = SpotifyLoginSampleAppTests;
			sourceTree = "<group>";
		};
		AE9A431E2797C256003B5DD4 = {
			isa = PBXGroup;
			children = (
				AE9A43292797C256003B5DD4 /* SpotifyLoginSampleApp */,
				AE706EC627995AC900387185 /* SpotifyLoginSampleAppTests */,
				AE9A43282797C256003B5DD4 /* Products */,
				AEA7E79327984DE900943A67 /* Frameworks */,
			);
			sourceTree = "<group>";
		};
		AE9A43282797C256003B5DD4 /* Products */ = {
			isa = PBXGroup;
			children = (
				AE9A43272797C256003B5DD4 /* SpotifyLoginSampleApp.app */,
				AE706EC527995AC900387185 /* SpotifyLoginSampleAppTests.xctest */,
			);
			name = Products;
			sourceTree = "<group>";
		};
		AE9A43292797C256003B5DD4 /* SpotifyLoginSampleApp */ = {
			isa = PBXGroup;
			children = (
				AE9A434F2797F4E5003B5DD4 /* SpotifyLoginSampleApp.entitlements */,
				AE9A432A2797C256003B5DD4 /* AppDelegate.swift */,
				AE9A432C2797C256003B5DD4 /* SceneDelegate.swift */,
				AE9A43332797C258003B5DD4 /* Assets.xcassets */,
				AE9A43352797C258003B5DD4 /* LaunchScreen.storyboard */,
				AE9A43382797C258003B5DD4 /* Info.plist */,
				AE9A433E2797C2BD003B5DD4 /* LoginViewController.swift */,
				AE9A43432797CDA1003B5DD4 /* EnterEmailViewController.swift */,
				AE9A43452797DCC1003B5DD4 /* MainViewController.swift */,
				AE9A43472797DEF3003B5DD4 /* GoogleService-Info.plist */,
			);
			path = SpotifyLoginSampleApp;
			sourceTree = "<group>";
		};
		AEA7E79327984DE900943A67 /* Frameworks */ = {
			isa = PBXGroup;
			children = (
			);
			name = Frameworks;
			sourceTree = "<group>";
		};
/* End PBXGroup section */

/* Begin PBXNativeTarget section */
		AE706EC427995AC900387185 /* SpotifyLoginSampleAppTests */ = {
			isa = PBXNativeTarget;
			buildConfigurationList = AE706ECD27995AC900387185 /* Build configuration list for PBXNativeTarget "SpotifyLoginSampleAppTests" */;
			buildPhases = (
				AE706EC127995AC900387185 /* Sources */,
				AE706EC227995AC900387185 /* Frameworks */,
				AE706EC327995AC900387185 /* Resources */,
			);
			buildRules = (
			);
			dependencies = (
				AE706ECA27995AC900387185 /* PBXTargetDependency */,
			);
			name = SpotifyLoginSampleAppTests;
			productName = SpotifyLoginSampleAppTests;
			productReference = AE706EC527995AC900387185 /* SpotifyLoginSampleAppTests.xctest */;
			productType = "com.apple.product-type.bundle.unit-test";
		};
		AE9A43262797C256003B5DD4 /* SpotifyLoginSampleApp */ = {
			isa = PBXNativeTarget;
			buildConfigurationList = AE9A433B2797C258003B5DD4 /* Build configuration list for PBXNativeTarget "SpotifyLoginSampleApp" */;
			buildPhases = (
				AE9A43232797C256003B5DD4 /* Sources */,
				AE9A43242797C256003B5DD4 /* Frameworks */,
				AE9A43252797C256003B5DD4 /* Resources */,
			);
			buildRules = (
			);
			dependencies = (
			);
			name = SpotifyLoginSampleApp;
			packageProductDependencies = (
				AE9A43412797C3C2003B5DD4 /* SnapKit */,
				AE9A434A2797E0E5003B5DD4 /* FirebaseAuth */,
				AE9A434D2797E890003B5DD4 /* GoogleSignIn */,
				AEA7E79427984DE900943A67 /* FirebaseMessaging */,
			);
			productName = SpotifyLoginSampleApp;
			productReference = AE9A43272797C256003B5DD4 /* SpotifyLoginSampleApp.app */;
			productType = "com.apple.product-type.application";
		};
/* End PBXNativeTarget section */

/* Begin PBXProject section */
		AE9A431F2797C256003B5DD4 /* Project object */ = {
			isa = PBXProject;
			attributes = {
				BuildIndependentTargetsInParallel = 1;
				LastSwiftUpdateCheck = 1300;
				LastUpgradeCheck = 1300;
				TargetAttributes = {
					AE706EC427995AC900387185 = {
						CreatedOnToolsVersion = 13.0;
						LastSwiftMigration = 1300;
						TestTargetID = AE9A43262797C256003B5DD4;
					};
					AE9A43262797C256003B5DD4 = {
						CreatedOnToolsVersion = 13.0;
					};
				};
			};
			buildConfigurationList = AE9A43222797C256003B5DD4 /* Build configuration list for PBXProject "SpotifyLoginSampleApp" */;
			compatibilityVersion = "Xcode 13.0";
			developmentRegion = en;
			hasScannedForEncodings = 0;
			knownRegions = (
				en,
				Base,
			);
			mainGroup = AE9A431E2797C256003B5DD4;
			packageReferences = (
				AE9A43402797C3C2003B5DD4 /* XCRemoteSwiftPackageReference "SnapKit" */,
				AE9A43492797E0E5003B5DD4 /* XCRemoteSwiftPackageReference "firebase-ios-sdk" */,
				AE9A434C2797E890003B5DD4 /* XCRemoteSwiftPackageReference "GoogleSignIn-iOS" */,
			);
			productRefGroup = AE9A43282797C256003B5DD4 /* Products */;
			projectDirPath = "";
			projectRoot = "";
			targets = (
				AE9A43262797C256003B5DD4 /* SpotifyLoginSampleApp */,
				AE706EC427995AC900387185 /* SpotifyLoginSampleAppTests */,
			);
		};
/* End PBXProject section */

/* Begin PBXResourcesBuildPhase section */
		AE706EC327995AC900387185 /* Resources */ = {
			isa = PBXResourcesBuildPhase;
			buildActionMask = 2147483647;
			files = (
			);
			runOnlyForDeploymentPostprocessing = 0;
		};
		AE9A43252797C256003B5DD4 /* Resources */ = {
			isa = PBXResourcesBuildPhase;
			buildActionMask = 2147483647;
			files = (
				AE9A43372797C258003B5DD4 /* LaunchScreen.storyboard in Resources */,
				AE9A43482797DEF3003B5DD4 /* GoogleService-Info.plist in Resources */,
				AE9A43342797C258003B5DD4 /* Assets.xcassets in Resources */,
			);
			runOnlyForDeploymentPostprocessing = 0;
		};
/* End PBXResourcesBuildPhase section */

/* Begin PBXSourcesBuildPhase section */
		AE706EC127995AC900387185 /* Sources */ = {
			isa = PBXSourcesBuildPhase;
			buildActionMask = 2147483647;
			files = (
				AE706ECF27995AD700387185 /* abcd.swift in Sources */,
			);
			runOnlyForDeploymentPostprocessing = 0;
		};
		AE9A43232797C256003B5DD4 /* Sources */ = {
			isa = PBXSourcesBuildPhase;
			buildActionMask = 2147483647;
			files = (
				AE9A433F2797C2BD003B5DD4 /* LoginViewController.swift in Sources */,
				AE9A432B2797C256003B5DD4 /* AppDelegate.swift in Sources */,
				AE9A43442797CDA1003B5DD4 /* EnterEmailViewController.swift in Sources */,
				AE9A432D2797C256003B5DD4 /* SceneDelegate.swift in Sources */,
				AE9A43462797DCC1003B5DD4 /* MainViewController.swift in Sources */,
			);
			runOnlyForDeploymentPostprocessing = 0;
		};
/* End PBXSourcesBuildPhase section */

/* Begin PBXTargetDependency section */
		AE706ECA27995AC900387185 /* PBXTargetDependency */ = {
			isa = PBXTargetDependency;
			target = AE9A43262797C256003B5DD4 /* SpotifyLoginSampleApp */;
			targetProxy = AE706EC927995AC900387185 /* PBXContainerItemProxy */;
		};
/* End PBXTargetDependency section */

/* Begin PBXVariantGroup section */
		AE9A43352797C258003B5DD4 /* LaunchScreen.storyboard */ = {
			isa = PBXVariantGroup;
			children = (
				AE9A43362797C258003B5DD4 /* Base */,
			);
			name = LaunchScreen.storyboard;
			sourceTree = "<group>";
		};
/* End PBXVariantGroup section */

/* Begin XCBuildConfiguration section */
		AE706ECB27995AC900387185 /* Debug */ = {
			isa = XCBuildConfiguration;
			buildSettings = {
				BUNDLE_LOADER = "$(TEST_HOST)";
				CLANG_ENABLE_MODULES = YES;
				CODE_SIGN_STYLE = Automatic;
				CURRENT_PROJECT_VERSION = 1;
				DEVELOPMENT_TEAM = HWBJNMY98D;
				GENERATE_INFOPLIST_FILE = YES;
				LD_RUNPATH_SEARCH_PATHS = (
					"$(inherited)",
					"@executable_path/Frameworks",
					"@loader_path/Frameworks",
				);
				MARKETING_VERSION = 1.0;
				PRODUCT_BUNDLE_IDENTIFIER = kr.co.test.SpotifyLoginSampleAppTests;
				PRODUCT_NAME = "$(TARGET_NAME)";
				SWIFT_EMIT_LOC_STRINGS = NO;
				SWIFT_OPTIMIZATION_LEVEL = "-Onone";
				SWIFT_VERSION = 5.0;
				TARGETED_DEVICE_FAMILY = "1,2";
				TEST_HOST = "$(BUILT_PRODUCTS_DIR)/SpotifyLoginSampleApp.app/SpotifyLoginSampleApp";
			};
			name = Debug;
		};
		AE706ECC27995AC900387185 /* Release */ = {
			isa = XCBuildConfiguration;
			buildSettings = {
				BUNDLE_LOADER = "$(TEST_HOST)";
				CLANG_ENABLE_MODULES = YES;
				CODE_SIGN_STYLE = Automatic;
				CURRENT_PROJECT_VERSION = 1;
				DEVELOPMENT_TEAM = HWBJNMY98D;
				GENERATE_INFOPLIST_FILE = YES;
				LD_RUNPATH_SEARCH_PATHS = (
					"$(inherited)",
					"@executable_path/Frameworks",
					"@loader_path/Frameworks",
				);
				MARKETING_VERSION = 1.0;
				PRODUCT_BUNDLE_IDENTIFIER = kr.co.test.SpotifyLoginSampleAppTests;
				PRODUCT_NAME = "$(TARGET_NAME)";
				SWIFT_EMIT_LOC_STRINGS = NO;
				SWIFT_VERSION = 5.0;
				TARGETED_DEVICE_FAMILY = "1,2";
				TEST_HOST = "$(BUILT_PRODUCTS_DIR)/SpotifyLoginSampleApp.app/SpotifyLoginSampleApp";
			};
			name = Release;
		};
		AE9A43392797C258003B5DD4 /* Debug */ = {
			isa = XCBuildConfiguration;
			buildSettings = {
				ALWAYS_SEARCH_USER_PATHS = NO;
				CLANG_ANALYZER_NONNULL = YES;
				CLANG_ANALYZER_NUMBER_OBJECT_CONVERSION = YES_AGGRESSIVE;
				CLANG_CXX_LANGUAGE_STANDARD = "gnu++17";
				CLANG_CXX_LIBRARY = "libc++";
				CLANG_ENABLE_MODULES = YES;
				CLANG_ENABLE_OBJC_ARC = YES;
				CLANG_ENABLE_OBJC_WEAK = YES;
				CLANG_WARN_BLOCK_CAPTURE_AUTORELEASING = YES;
				CLANG_WARN_BOOL_CONVERSION = YES;
				CLANG_WARN_COMMA = YES;
				CLANG_WARN_CONSTANT_CONVERSION = YES;
				CLANG_WARN_DEPRECATED_OBJC_IMPLEMENTATIONS = YES;
				CLANG_WARN_DIRECT_OBJC_ISA_USAGE = YES_ERROR;
				CLANG_WARN_DOCUMENTATION_COMMENTS = YES;
				CLANG_WARN_EMPTY_BODY = YES;
				CLANG_WARN_ENUM_CONVERSION = YES;
				CLANG_WARN_INFINITE_RECURSION = YES;
				CLANG_WARN_INT_CONVERSION = YES;
				CLANG_WARN_NON_LITERAL_NULL_CONVERSION = YES;
				CLANG_WARN_OBJC_IMPLICIT_RETAIN_SELF = YES;
				CLANG_WARN_OBJC_LITERAL_CONVERSION = YES;
				CLANG_WARN_OBJC_ROOT_CLASS = YES_ERROR;
				CLANG_WARN_QUOTED_INCLUDE_IN_FRAMEWORK_HEADER = YES;
				CLANG_WARN_RANGE_LOOP_ANALYSIS = YES;
				CLANG_WARN_STRICT_PROTOTYPES = YES;
				CLANG_WARN_SUSPICIOUS_MOVE = YES;
				CLANG_WARN_UNGUARDED_AVAILABILITY = YES_AGGRESSIVE;
				CLANG_WARN_UNREACHABLE_CODE = YES;
				CLANG_WARN__DUPLICATE_METHOD_MATCH = YES;
				COPY_PHASE_STRIP = NO;
				DEBUG_INFORMATION_FORMAT = dwarf;
				ENABLE_STRICT_OBJC_MSGSEND = YES;
				ENABLE_TESTABILITY = YES;
				GCC_C_LANGUAGE_STANDARD = gnu11;
				GCC_DYNAMIC_NO_PIC = NO;
				GCC_NO_COMMON_BLOCKS = YES;
				GCC_OPTIMIZATION_LEVEL = 0;
				GCC_PREPROCESSOR_DEFINITIONS = (
					"DEBUG=1",
					"$(inherited)",
				);
				GCC_WARN_64_TO_32_BIT_CONVERSION = YES;
				GCC_WARN_ABOUT_RETURN_TYPE = YES_ERROR;
				GCC_WARN_UNDECLARED_SELECTOR = YES;
				GCC_WARN_UNINITIALIZED_AUTOS = YES_AGGRESSIVE;
				GCC_WARN_UNUSED_FUNCTION = YES;
				GCC_WARN_UNUSED_VARIABLE = YES;
				IPHONEOS_DEPLOYMENT_TARGET = 15.0;
				MTL_ENABLE_DEBUG_INFO = INCLUDE_SOURCE;
				MTL_FAST_MATH = YES;
				ONLY_ACTIVE_ARCH = YES;
				SDKROOT = iphoneos;
				SWIFT_ACTIVE_COMPILATION_CONDITIONS = DEBUG;
				SWIFT_OPTIMIZATION_LEVEL = "-Onone";
			};
			name = Debug;
		};
		AE9A433A2797C258003B5DD4 /* Release */ = {
			isa = XCBuildConfiguration;
			buildSettings = {
				ALWAYS_SEARCH_USER_PATHS = NO;
				CLANG_ANALYZER_NONNULL = YES;
				CLANG_ANALYZER_NUMBER_OBJECT_CONVERSION = YES_AGGRESSIVE;
				CLANG_CXX_LANGUAGE_STANDARD = "gnu++17";
				CLANG_CXX_LIBRARY = "libc++";
				CLANG_ENABLE_MODULES = YES;
				CLANG_ENABLE_OBJC_ARC = YES;
				CLANG_ENABLE_OBJC_WEAK = YES;
				CLANG_WARN_BLOCK_CAPTURE_AUTORELEASING = YES;
				CLANG_WARN_BOOL_CONVERSION = YES;
				CLANG_WARN_COMMA = YES;
				CLANG_WARN_CONSTANT_CONVERSION = YES;
				CLANG_WARN_DEPRECATED_OBJC_IMPLEMENTATIONS = YES;
				CLANG_WARN_DIRECT_OBJC_ISA_USAGE = YES_ERROR;
				CLANG_WARN_DOCUMENTATION_COMMENTS = YES;
				CLANG_WARN_EMPTY_BODY = YES;
				CLANG_WARN_ENUM_CONVERSION = YES;
				CLANG_WARN_INFINITE_RECURSION = YES;
				CLANG_WARN_INT_CONVERSION = YES;
				CLANG_WARN_NON_LITERAL_NULL_CONVERSION = YES;
				CLANG_WARN_OBJC_IMPLICIT_RETAIN_SELF = YES;
				CLANG_WARN_OBJC_LITERAL_CONVERSION = YES;
				CLANG_WARN_OBJC_ROOT_CLASS = YES_ERROR;
				CLANG_WARN_QUOTED_INCLUDE_IN_FRAMEWORK_HEADER = YES;
				CLANG_WARN_RANGE_LOOP_ANALYSIS = YES;
				CLANG_WARN_STRICT_PROTOTYPES = YES;
				CLANG_WARN_SUSPICIOUS_MOVE = YES;
				CLANG_WARN_UNGUARDED_AVAILABILITY = YES_AGGRESSIVE;
				CLANG_WARN_UNREACHABLE_CODE = YES;
				CLANG_WARN__DUPLICATE_METHOD_MATCH = YES;
				COPY_PHASE_STRIP = NO;
				DEBUG_INFORMATION_FORMAT = "dwarf-with-dsym";
				ENABLE_NS_ASSERTIONS = NO;
				ENABLE_STRICT_OBJC_MSGSEND = YES;
				GCC_C_LANGUAGE_STANDARD = gnu11;
				GCC_NO_COMMON_BLOCKS = YES;
				GCC_WARN_64_TO_32_BIT_CONVERSION = YES;
				GCC_WARN_ABOUT_RETURN_TYPE = YES_ERROR;
				GCC_WARN_UNDECLARED_SELECTOR = YES;
				GCC_WARN_UNINITIALIZED_AUTOS = YES_AGGRESSIVE;
				GCC_WARN_UNUSED_FUNCTION = YES;
				GCC_WARN_UNUSED_VARIABLE = YES;
				IPHONEOS_DEPLOYMENT_TARGET = 15.0;
				MTL_ENABLE_DEBUG_INFO = NO;
				MTL_FAST_MATH = YES;
				SDKROOT = iphoneos;
				SWIFT_COMPILATION_MODE = wholemodule;
				SWIFT_OPTIMIZATION_LEVEL = "-O";
				VALIDATE_PRODUCT = YES;
			};
			name = Release;
		};
		AE9A433C2797C258003B5DD4 /* Debug */ = {
			isa = XCBuildConfiguration;
			buildSettings = {
				ASSETCATALOG_COMPILER_APPICON_NAME = AppIcon;
				ASSETCATALOG_COMPILER_GLOBAL_ACCENT_COLOR_NAME = AccentColor;
				CODE_SIGN_ENTITLEMENTS = SpotifyLoginSampleApp/SpotifyLoginSampleApp.entitlements;
				CODE_SIGN_STYLE = Automatic;
				CURRENT_PROJECT_VERSION = 1;
				DEVELOPMENT_TEAM = HWBJNMY98D;
				GENERATE_INFOPLIST_FILE = YES;
				INFOPLIST_FILE = SpotifyLoginSampleApp/Info.plist;
				INFOPLIST_KEY_UIApplicationSupportsIndirectInputEvents = YES;
				INFOPLIST_KEY_UILaunchStoryboardName = LaunchScreen;
				INFOPLIST_KEY_UISupportedInterfaceOrientations_iPad = "UIInterfaceOrientationPortrait UIInterfaceOrientationPortraitUpsideDown UIInterfaceOrientationLandscapeLeft UIInterfaceOrientationLandscapeRight";
				INFOPLIST_KEY_UISupportedInterfaceOrientations_iPhone = "UIInterfaceOrientationPortrait UIInterfaceOrientationLandscapeLeft UIInterfaceOrientationLandscapeRight";
				LD_RUNPATH_SEARCH_PATHS = (
					"$(inherited)",
					"@executable_path/Frameworks",
				);
				MARKETING_VERSION = 1.0;
				PRODUCT_BUNDLE_IDENTIFIER = kr.co.test.SpotifyLoginSampleApp;
				PRODUCT_NAME = "$(TARGET_NAME)";
				SWIFT_EMIT_LOC_STRINGS = YES;
				SWIFT_VERSION = 5.0;
				TARGETED_DEVICE_FAMILY = "1,2";
			};
			name = Debug;
		};
		AE9A433D2797C258003B5DD4 /* Release */ = {
			isa = XCBuildConfiguration;
			buildSettings = {
				ASSETCATALOG_COMPILER_APPICON_NAME = AppIcon;
				ASSETCATALOG_COMPILER_GLOBAL_ACCENT_COLOR_NAME = AccentColor;
				CODE_SIGN_ENTITLEMENTS = SpotifyLoginSampleApp/SpotifyLoginSampleApp.entitlements;
				CODE_SIGN_STYLE = Automatic;
				CURRENT_PROJECT_VERSION = 1;
				DEVELOPMENT_TEAM = HWBJNMY98D;
				GENERATE_INFOPLIST_FILE = YES;
				INFOPLIST_FILE = SpotifyLoginSampleApp/Info.plist;
				INFOPLIST_KEY_UIApplicationSupportsIndirectInputEvents = YES;
				INFOPLIST_KEY_UILaunchStoryboardName = LaunchScreen;
				INFOPLIST_KEY_UISupportedInterfaceOrientations_iPad = "UIInterfaceOrientationPortrait UIInterfaceOrientationPortraitUpsideDown UIInterfaceOrientationLandscapeLeft UIInterfaceOrientationLandscapeRight";
				INFOPLIST_KEY_UISupportedInterfaceOrientations_iPhone = "UIInterfaceOrientationPortrait UIInterfaceOrientationLandscapeLeft UIInterfaceOrientationLandscapeRight";
				LD_RUNPATH_SEARCH_PATHS = (
					"$(inherited)",
					"@executable_path/Frameworks",
				);
				MARKETING_VERSION = 1.0;
				PRODUCT_BUNDLE_IDENTIFIER = kr.co.test.SpotifyLoginSampleApp;
				PRODUCT_NAME = "$(TARGET_NAME)";
				SWIFT_EMIT_LOC_STRINGS = YES;
				SWIFT_VERSION = 5.0;
				TARGETED_DEVICE_FAMILY = "1,2";
			};
			name = Release;
		};
/* End XCBuildConfiguration section */

/* Begin XCConfigurationList section */
		AE706ECD27995AC900387185 /* Build configuration list for PBXNativeTarget "SpotifyLoginSampleAppTests" */ = {
			isa = XCConfigurationList;
			buildConfigurations = (
				AE706ECB27995AC900387185 /* Debug */,
				AE706ECC27995AC900387185 /* Release */,
			);
			defaultConfigurationIsVisible = 0;
			defaultConfigurationName = Release;
		};
		AE9A43222797C256003B5DD4 /* Build configuration list for PBXProject "SpotifyLoginSampleApp" */ = {
			isa = XCConfigurationList;
			buildConfigurations = (
				AE9A43392797C258003B5DD4 /* Debug */,
				AE9A433A2797C258003B5DD4 /* Release */,
			);
			defaultConfigurationIsVisible = 0;
			defaultConfigurationName = Release;
		};
		AE9A433B2797C258003B5DD4 /* Build configuration list for PBXNativeTarget "SpotifyLoginSampleApp" */ = {
			isa = XCConfigurationList;
			buildConfigurations = (
				AE9A433C2797C258003B5DD4 /* Debug */,
				AE9A433D2797C258003B5DD4 /* Release */,
			);
			defaultConfigurationIsVisible = 0;
			defaultConfigurationName = Release;
		};
/* End XCConfigurationList section */

/* Begin XCRemoteSwiftPackageReference section */
		AE9A43402797C3C2003B5DD4 /* XCRemoteSwiftPackageReference "SnapKit" */ = {
			isa = XCRemoteSwiftPackageReference;
			repositoryURL = "https://github.com/SnapKit/SnapKit.git";
			requirement = {
				kind = upToNextMajorVersion;
				minimumVersion = 5.0.0;
			};
		};
		AE9A43492797E0E5003B5DD4 /* XCRemoteSwiftPackageReference "firebase-ios-sdk" */ = {
			isa = XCRemoteSwiftPackageReference;
			repositoryURL = "https://github.com/firebase/firebase-ios-sdk.git";
			requirement = {
				kind = upToNextMajorVersion;
				minimumVersion = 8.0.0;
			};
		};
		AE9A434C2797E890003B5DD4 /* XCRemoteSwiftPackageReference "GoogleSignIn-iOS" */ = {
			isa = XCRemoteSwiftPackageReference;
			repositoryURL = "https://github.com/google/GoogleSignIn-iOS";
			requirement = {
				kind = upToNextMajorVersion;
				minimumVersion = 6.0.0;
			};
		};
/* End XCRemoteSwiftPackageReference section */

/* Begin XCSwiftPackageProductDependency section */
		AE9A43412797C3C2003B5DD4 /* SnapKit */ = {
			isa = XCSwiftPackageProductDependency;
			package = AE9A43402797C3C2003B5DD4 /* XCRemoteSwiftPackageReference "SnapKit" */;
			productName = SnapKit;
		};
		AE9A434A2797E0E5003B5DD4 /* FirebaseAuth */ = {
			isa = XCSwiftPackageProductDependency;
			package = AE9A43492797E0E5003B5DD4 /* XCRemoteSwiftPackageReference "firebase-ios-sdk" */;
			productName = FirebaseAuth;
		};
		AE9A434D2797E890003B5DD4 /* GoogleSignIn */ = {
			isa = XCSwiftPackageProductDependency;
			package = AE9A434C2797E890003B5DD4 /* XCRemoteSwiftPackageReference "GoogleSignIn-iOS" */;
			productName = GoogleSignIn;
		};
		AEA7E79427984DE900943A67 /* FirebaseMessaging */ = {
			isa = XCSwiftPackageProductDependency;
			package = AE9A43492797E0E5003B5DD4 /* XCRemoteSwiftPackageReference "firebase-ios-sdk" */;
			productName = FirebaseMessaging;
		};
/* End XCSwiftPackageProductDependency section */
	};
	rootObject = AE9A431F2797C256003B5DD4 /* Project object */;
}
