// !$*UTF8*$!
{
	archiveVersion = 1;
	classes = {
	};
	objectVersion = 55;
	objects = {

/* Begin PBXBuildFile section */
		AE90D28827229871001BF5BA /* AppDelegate.swift in Sources */ = {isa = PBXBuildFile; fileRef = AE90D28727229871001BF5BA /* AppDelegate.swift */; };
		AE90D28A27229871001BF5BA /* SceneDelegate.swift in Sources */ = {isa = PBXBuildFile; fileRef = AE90D28927229871001BF5BA /* SceneDelegate.swift */; };
		AE90D28C27229871001BF5BA /* ViewController.swift in Sources */ = {isa = PBXBuildFile; fileRef = AE90D28B27229871001BF5BA /* ViewController.swift */; };
		AE90D28F27229871001BF5BA /* Main.storyboard in Resources */ = {isa = PBXBuildFile; fileRef = AE90D28D27229871001BF5BA /* Main.storyboard */; };
		AE90D29127229872001BF5BA /* Assets.xcassets in Resources */ = {isa = PBXBuildFile; fileRef = AE90D29027229872001BF5BA /* Assets.xcassets */; };
		AE90D29427229872001BF5BA /* LaunchScreen.storyboard in Resources */ = {isa = PBXBuildFile; fileRef = AE90D29227229872001BF5BA /* LaunchScreen.storyboard */; };
		AE90D29C272298C5001BF5BA /* RotateButton.swift in Sources */ = {isa = PBXBuildFile; fileRef = AE90D29B272298C5001BF5BA /* RotateButton.swift */; };
/* End PBXBuildFile section */

/* Begin PBXFileReference section */
		AE90D28427229871001BF5BA /* Custom_Rotate_Button.app */ = {isa = PBXFileReference; explicitFileType = wrapper.application; includeInIndex = 0; path = Custom_Rotate_Button.app; sourceTree = BUILT_PRODUCTS_DIR; };
		AE90D28727229871001BF5BA /* AppDelegate.swift */ = {isa = PBXFileReference; lastKnownFileType = sourcecode.swift; path = AppDelegate.swift; sourceTree = "<group>"; };
		AE90D28927229871001BF5BA /* SceneDelegate.swift */ = {isa = PBXFileReference; lastKnownFileType = sourcecode.swift; path = SceneDelegate.swift; sourceTree = "<group>"; };
		AE90D28B27229871001BF5BA /* ViewController.swift */ = {isa = PBXFileReference; lastKnownFileType = sourcecode.swift; path = ViewController.swift; sourceTree = "<group>"; };
		AE90D28E27229871001BF5BA /* Base */ = {isa = PBXFileReference; lastKnownFileType = file.storyboard; name = Base; path = Base.lproj/Main.storyboard; sourceTree = "<group>"; };
		AE90D29027229872001BF5BA /* Assets.xcassets */ = {isa = PBXFileReference; lastKnownFileType = folder.assetcatalog; path = Assets.xcassets; sourceTree = "<group>"; };
		AE90D29327229872001BF5BA /* Base */ = {isa = PBXFileReference; lastKnownFileType = file.storyboard; name = Base; path = Base.lproj/LaunchScreen.storyboard; sourceTree = "<group>"; };
		AE90D29527229872001BF5BA /* Info.plist */ = {isa = PBXFileReference; lastKnownFileType = text.plist.xml; path = Info.plist; sourceTree = "<group>"; };
		AE90D29B272298C5001BF5BA /* RotateButton.swift */ = {isa = PBXFileReference; lastKnownFileType = sourcecode.swift; path = RotateButton.swift; sourceTree = "<group>"; };
/* End PBXFileReference section */

/* Begin PBXFrameworksBuildPhase section */
		AE90D28127229871001BF5BA /* Frameworks */ = {
			isa = PBXFrameworksBuildPhase;
			buildActionMask = 2147483647;
			files = (
			);
			runOnlyForDeploymentPostprocessing = 0;
		};
/* End PBXFrameworksBuildPhase section */

/* Begin PBXGroup section */
		AE90D27B27229871001BF5BA = {
			isa = PBXGroup;
			children = (
				AE90D28627229871001BF5BA /* Custom_Rotate_Button */,
				AE90D28527229871001BF5BA /* Products */,
			);
			sourceTree = "<group>";
		};
		AE90D28527229871001BF5BA /* Products */ = {
			isa = PBXGroup;
			children = (
				AE90D28427229871001BF5BA /* Custom_Rotate_Button.app */,
			);
			name = Products;
			sourceTree = "<group>";
		};
		AE90D28627229871001BF5BA /* Custom_Rotate_Button */ = {
			isa = PBXGroup;
			children = (
				AE90D28727229871001BF5BA /* AppDelegate.swift */,
				AE90D28927229871001BF5BA /* SceneDelegate.swift */,
				AE90D28B27229871001BF5BA /* ViewController.swift */,
				AE90D29B272298C5001BF5BA /* RotateButton.swift */,
				AE90D28D27229871001BF5BA /* Main.storyboard */,
				AE90D29027229872001BF5BA /* Assets.xcassets */,
				AE90D29227229872001BF5BA /* LaunchScreen.storyboard */,
				AE90D29527229872001BF5BA /* Info.plist */,
			);
			path = Custom_Rotate_Button;
			sourceTree = "<group>";
		};
/* End PBXGroup section */

/* Begin PBXNativeTarget section */
		AE90D28327229871001BF5BA /* Custom_Rotate_Button */ = {
			isa = PBXNativeTarget;
			buildConfigurationList = AE90D29827229872001BF5BA /* Build configuration list for PBXNativeTarget "Custom_Rotate_Button" */;
			buildPhases = (
				AE90D28027229871001BF5BA /* Sources */,
				AE90D28127229871001BF5BA /* Frameworks */,
				AE90D28227229871001BF5BA /* Resources */,
			);
			buildRules = (
			);
			dependencies = (
			);
			name = Custom_Rotate_Button;
			productName = Custom_Rotate_Button;
			productReference = AE90D28427229871001BF5BA /* Custom_Rotate_Button.app */;
			productType = "com.apple.product-type.application";
		};
/* End PBXNativeTarget section */

/* Begin PBXProject section */
		AE90D27C27229871001BF5BA /* Project object */ = {
			isa = PBXProject;
			attributes = {
				BuildIndependentTargetsInParallel = 1;
				LastSwiftUpdateCheck = 1300;
				LastUpgradeCheck = 1300;
				TargetAttributes = {
					AE90D28327229871001BF5BA = {
						CreatedOnToolsVersion = 13.0;
					};
				};
			};
			buildConfigurationList = AE90D27F27229871001BF5BA /* Build configuration list for PBXProject "Custom_Rotate_Button" */;
			compatibilityVersion = "Xcode 13.0";
			developmentRegion = en;
			hasScannedForEncodings = 0;
			knownRegions = (
				en,
				Base,
			);
			mainGroup = AE90D27B27229871001BF5BA;
			productRefGroup = AE90D28527229871001BF5BA /* Products */;
			projectDirPath = "";
			projectRoot = "";
			targets = (
				AE90D28327229871001BF5BA /* Custom_Rotate_Button */,
			);
		};
/* End PBXProject section */

/* Begin PBXResourcesBuildPhase section */
		AE90D28227229871001BF5BA /* Resources */ = {
			isa = PBXResourcesBuildPhase;
			buildActionMask = 2147483647;
			files = (
				AE90D29427229872001BF5BA /* LaunchScreen.storyboard in Resources */,
				AE90D29127229872001BF5BA /* Assets.xcassets in Resources */,
				AE90D28F27229871001BF5BA /* Main.storyboard in Resources */,
			);
			runOnlyForDeploymentPostprocessing = 0;
		};
/* End PBXResourcesBuildPhase section */

/* Begin PBXSourcesBuildPhase section */
		AE90D28027229871001BF5BA /* Sources */ = {
			isa = PBXSourcesBuildPhase;
			buildActionMask = 2147483647;
			files = (
				AE90D29C272298C5001BF5BA /* RotateButton.swift in Sources */,
				AE90D28C27229871001BF5BA /* ViewController.swift in Sources */,
				AE90D28827229871001BF5BA /* AppDelegate.swift in Sources */,
				AE90D28A27229871001BF5BA /* SceneDelegate.swift in Sources */,
			);
			runOnlyForDeploymentPostprocessing = 0;
		};
/* End PBXSourcesBuildPhase section */

/* Begin PBXVariantGroup section */
		AE90D28D27229871001BF5BA /* Main.storyboard */ = {
			isa = PBXVariantGroup;
			children = (
				AE90D28E27229871001BF5BA /* Base */,
			);
			name = Main.storyboard;
			sourceTree = "<group>";
		};
		AE90D29227229872001BF5BA /* LaunchScreen.storyboard */ = {
			isa = PBXVariantGroup;
			children = (
				AE90D29327229872001BF5BA /* Base */,
			);
			name = LaunchScreen.storyboard;
			sourceTree = "<group>";
		};
/* End PBXVariantGroup section */

/* Begin XCBuildConfiguration section */
		AE90D29627229872001BF5BA /* Debug */ = {
			isa = XCBuildConfiguration;
			buildSettings = {
				ALWAYS_SEARCH_USER_PATHS = NO;
				CLANG_ANALYZER_NONNULL = YES;
				CLANG_ANALYZER_NUMBER_OBJECT_CONVERSION = YES_AGGRESSIVE;
				CLANG_CXX_LANGUAGE_STANDARD = "gnu++17";
				CLANG_CXX_LIBRARY = "libc++";
				CLANG_ENABLE_MODULES = YES;
				CLANG_ENABLE_OBJC_ARC = YES;
				CLANG_ENABLE_OBJC_WEAK = YES;
				CLANG_WARN_BLOCK_CAPTURE_AUTORELEASING = YES;
				CLANG_WARN_BOOL_CONVERSION = YES;
				CLANG_WARN_COMMA = YES;
				CLANG_WARN_CONSTANT_CONVERSION = YES;
				CLANG_WARN_DEPRECATED_OBJC_IMPLEMENTATIONS = YES;
				CLANG_WARN_DIRECT_OBJC_ISA_USAGE = YES_ERROR;
				CLANG_WARN_DOCUMENTATION_COMMENTS = YES;
				CLANG_WARN_EMPTY_BODY = YES;
				CLANG_WARN_ENUM_CONVERSION = YES;
				CLANG_WARN_INFINITE_RECURSION = YES;
				CLANG_WARN_INT_CONVERSION = YES;
				CLANG_WARN_NON_LITERAL_NULL_CONVERSION = YES;
				CLANG_WARN_OBJC_IMPLICIT_RETAIN_SELF = YES;
				CLANG_WARN_OBJC_LITERAL_CONVERSION = YES;
				CLANG_WARN_OBJC_ROOT_CLASS = YES_ERROR;
				CLANG_WARN_QUOTED_INCLUDE_IN_FRAMEWORK_HEADER = YES;
				CLANG_WARN_RANGE_LOOP_ANALYSIS = YES;
				CLANG_WARN_STRICT_PROTOTYPES = YES;
				CLANG_WARN_SUSPICIOUS_MOVE = YES;
				CLANG_WARN_UNGUARDED_AVAILABILITY = YES_AGGRESSIVE;
				CLANG_WARN_UNREACHABLE_CODE = YES;
				CLANG_WARN__DUPLICATE_METHOD_MATCH = YES;
				COPY_PHASE_STRIP = NO;
				DEBUG_INFORMATION_FORMAT = dwarf;
				ENABLE_STRICT_OBJC_MSGSEND = YES;
				ENABLE_TESTABILITY = YES;
				GCC_C_LANGUAGE_STANDARD = gnu11;
				GCC_DYNAMIC_NO_PIC = NO;
				GCC_NO_COMMON_BLOCKS = YES;
				GCC_OPTIMIZATION_LEVEL = 0;
				GCC_PREPROCESSOR_DEFINITIONS = (
					"DEBUG=1",
					"$(inherited)",
				);
				GCC_WARN_64_TO_32_BIT_CONVERSION = YES;
				GCC_WARN_ABOUT_RETURN_TYPE = YES_ERROR;
				GCC_WARN_UNDECLARED_SELECTOR = YES;
				GCC_WARN_UNINITIALIZED_AUTOS = YES_AGGRESSIVE;
				GCC_WARN_UNUSED_FUNCTION = YES;
				GCC_WARN_UNUSED_VARIABLE = YES;
				IPHONEOS_DEPLOYMENT_TARGET = 15.0;
				MTL_ENABLE_DEBUG_INFO = INCLUDE_SOURCE;
				MTL_FAST_MATH = YES;
				ONLY_ACTIVE_ARCH = YES;
				SDKROOT = iphoneos;
				SWIFT_ACTIVE_COMPILATION_CONDITIONS = DEBUG;
				SWIFT_OPTIMIZATION_LEVEL = "-Onone";
			};
			name = Debug;
		};
		AE90D29727229872001BF5BA /* Release */ = {
			isa = XCBuildConfiguration;
			buildSettings = {
				ALWAYS_SEARCH_USER_PATHS = NO;
				CLANG_ANALYZER_NONNULL = YES;
				CLANG_ANALYZER_NUMBER_OBJECT_CONVERSION = YES_AGGRESSIVE;
				CLANG_CXX_LANGUAGE_STANDARD = "gnu++17";
				CLANG_CXX_LIBRARY = "libc++";
				CLANG_ENABLE_MODULES = YES;
				CLANG_ENABLE_OBJC_ARC = YES;
				CLANG_ENABLE_OBJC_WEAK = YES;
				CLANG_WARN_BLOCK_CAPTURE_AUTORELEASING = YES;
				CLANG_WARN_BOOL_CONVERSION = YES;
				CLANG_WARN_COMMA = YES;
				CLANG_WARN_CONSTANT_CONVERSION = YES;
				CLANG_WARN_DEPRECATED_OBJC_IMPLEMENTATIONS = YES;
				CLANG_WARN_DIRECT_OBJC_ISA_USAGE = YES_ERROR;
				CLANG_WARN_DOCUMENTATION_COMMENTS = YES;
				CLANG_WARN_EMPTY_BODY = YES;
				CLANG_WARN_ENUM_CONVERSION = YES;
				CLANG_WARN_INFINITE_RECURSION = YES;
				CLANG_WARN_INT_CONVERSION = YES;
				CLANG_WARN_NON_LITERAL_NULL_CONVERSION = YES;
				CLANG_WARN_OBJC_IMPLICIT_RETAIN_SELF = YES;
				CLANG_WARN_OBJC_LITERAL_CONVERSION = YES;
				CLANG_WARN_OBJC_ROOT_CLASS = YES_ERROR;
				CLANG_WARN_QUOTED_INCLUDE_IN_FRAMEWORK_HEADER = YES;
				CLANG_WARN_RANGE_LOOP_ANALYSIS = YES;
				CLANG_WARN_STRICT_PROTOTYPES = YES;
				CLANG_WARN_SUSPICIOUS_MOVE = YES;
				CLANG_WARN_UNGUARDED_AVAILABILITY = YES_AGGRESSIVE;
				CLANG_WARN_UNREACHABLE_CODE = YES;
				CLANG_WARN__DUPLICATE_METHOD_MATCH = YES;
				COPY_PHASE_STRIP = NO;
				DEBUG_INFORMATION_FORMAT = "dwarf-with-dsym";
				ENABLE_NS_ASSERTIONS = NO;
				ENABLE_STRICT_OBJC_MSGSEND = YES;
				GCC_C_LANGUAGE_STANDARD = gnu11;
				GCC_NO_COMMON_BLOCKS = YES;
				GCC_WARN_64_TO_32_BIT_CONVERSION = YES;
				GCC_WARN_ABOUT_RETURN_TYPE = YES_ERROR;
				GCC_WARN_UNDECLARED_SELECTOR = YES;
				GCC_WARN_UNINITIALIZED_AUTOS = YES_AGGRESSIVE;
				GCC_WARN_UNUSED_FUNCTION = YES;
				GCC_WARN_UNUSED_VARIABLE = YES;
				IPHONEOS_DEPLOYMENT_TARGET = 15.0;
				MTL_ENABLE_DEBUG_INFO = NO;
				MTL_FAST_MATH = YES;
				SDKROOT = iphoneos;
				SWIFT_COMPILATION_MODE = wholemodule;
				SWIFT_OPTIMIZATION_LEVEL = "-O";
				VALIDATE_PRODUCT = YES;
			};
			name = Release;
		};
		AE90D29927229872001BF5BA /* Debug */ = {
			isa = XCBuildConfiguration;
			buildSettings = {
				ASSETCATALOG_COMPILER_APPICON_NAME = AppIcon;
				ASSETCATALOG_COMPILER_GLOBAL_ACCENT_COLOR_NAME = AccentColor;
				CODE_SIGN_STYLE = Automatic;
				CURRENT_PROJECT_VERSION = 1;
				DEVELOPMENT_TEAM = HWBJNMY98D;
				GENERATE_INFOPLIST_FILE = YES;
				INFOPLIST_FILE = Custom_Rotate_Button/Info.plist;
				INFOPLIST_KEY_UIApplicationSupportsIndirectInputEvents = YES;
				INFOPLIST_KEY_UILaunchStoryboardName = LaunchScreen;
				INFOPLIST_KEY_UIMainStoryboardFile = Main;
				INFOPLIST_KEY_UISupportedInterfaceOrientations_iPad = "UIInterfaceOrientationPortrait UIInterfaceOrientationPortraitUpsideDown UIInterfaceOrientationLandscapeLeft UIInterfaceOrientationLandscapeRight";
				INFOPLIST_KEY_UISupportedInterfaceOrientations_iPhone = "UIInterfaceOrientationPortrait UIInterfaceOrientationLandscapeLeft UIInterfaceOrientationLandscapeRight";
				LD_RUNPATH_SEARCH_PATHS = (
					"$(inherited)",
					"@executable_path/Frameworks",
				);
				MARKETING_VERSION = 1.0;
				PRODUCT_BUNDLE_IDENTIFIER = "kr.co.test.Custom-Rotate-Button";
				PRODUCT_NAME = "$(TARGET_NAME)";
				SWIFT_EMIT_LOC_STRINGS = YES;
				SWIFT_VERSION = 5.0;
				TARGETED_DEVICE_FAMILY = "1,2";
			};
			name = Debug;
		};
		AE90D29A27229872001BF5BA /* Release */ = {
			isa = XCBuildConfiguration;
			buildSettings = {
				ASSETCATALOG_COMPILER_APPICON_NAME = AppIcon;
				ASSETCATALOG_COMPILER_GLOBAL_ACCENT_COLOR_NAME = AccentColor;
				CODE_SIGN_STYLE = Automatic;
				CURRENT_PROJECT_VERSION = 1;
				DEVELOPMENT_TEAM = HWBJNMY98D;
				GENERATE_INFOPLIST_FILE = YES;
				INFOPLIST_FILE = Custom_Rotate_Button/Info.plist;
				INFOPLIST_KEY_UIApplicationSupportsIndirectInputEvents = YES;
				INFOPLIST_KEY_UILaunchStoryboardName = LaunchScreen;
				INFOPLIST_KEY_UIMainStoryboardFile = Main;
				INFOPLIST_KEY_UISupportedInterfaceOrientations_iPad = "UIInterfaceOrientationPortrait UIInterfaceOrientationPortraitUpsideDown UIInterfaceOrientationLandscapeLeft UIInterfaceOrientationLandscapeRight";
				INFOPLIST_KEY_UISupportedInterfaceOrientations_iPhone = "UIInterfaceOrientationPortrait UIInterfaceOrientationLandscapeLeft UIInterfaceOrientationLandscapeRight";
				LD_RUNPATH_SEARCH_PATHS = (
					"$(inherited)",
					"@executable_path/Frameworks",
				);
				MARKETING_VERSION = 1.0;
				PRODUCT_BUNDLE_IDENTIFIER = "kr.co.test.Custom-Rotate-Button";
				PRODUCT_NAME = "$(TARGET_NAME)";
				SWIFT_EMIT_LOC_STRINGS = YES;
				SWIFT_VERSION = 5.0;
				TARGETED_DEVICE_FAMILY = "1,2";
			};
			name = Release;
		};
/* End XCBuildConfiguration section */

/* Begin XCConfigurationList section */
		AE90D27F27229871001BF5BA /* Build configuration list for PBXProject "Custom_Rotate_Button" */ = {
			isa = XCConfigurationList;
			buildConfigurations = (
				AE90D29627229872001BF5BA /* Debug */,
				AE90D29727229872001BF5BA /* Release */,
			);
			defaultConfigurationIsVisible = 0;
			defaultConfigurationName = Release;
		};
		AE90D29827229872001BF5BA /* Build configuration list for PBXNativeTarget "Custom_Rotate_Button" */ = {
			isa = XCConfigurationList;
			buildConfigurations = (
				AE90D29927229872001BF5BA /* Debug */,
				AE90D29A27229872001BF5BA /* Release */,
			);
			defaultConfigurationIsVisible = 0;
			defaultConfigurationName = Release;
		};
/* End XCConfigurationList section */
	};
	rootObject = AE90D27C27229871001BF5BA /* Project object */;
}
