// !$*UTF8*$!
{
	archiveVersion = 1;
	classes = {
	};
	objectVersion = 55;
	objects = {

/* Begin PBXBuildFile section */
		865F1A0D1CD89E34DC17BD63 /* Pods_PagingTabbar.framework in Frameworks */ = {isa = PBXBuildFile; fileRef = 8E0EDBEBBA0EDD423F2612F3 /* Pods_PagingTabbar.framework */; };
		AE5C4E8927966CF600F76B32 /* AppDelegate.swift in Sources */ = {isa = PBXBuildFile; fileRef = AE5C4E8827966CF600F76B32 /* AppDelegate.swift */; };
		AE5C4E8B27966CF600F76B32 /* SceneDelegate.swift in Sources */ = {isa = PBXBuildFile; fileRef = AE5C4E8A27966CF600F76B32 /* SceneDelegate.swift */; };
		AE5C4E8D27966CF600F76B32 /* ViewController.swift in Sources */ = {isa = PBXBuildFile; fileRef = AE5C4E8C27966CF600F76B32 /* ViewController.swift */; };
		AE5C4E9227966CF700F76B32 /* Assets.xcassets in Resources */ = {isa = PBXBuildFile; fileRef = AE5C4E9127966CF700F76B32 /* Assets.xcassets */; };
		AE5C4E9527966CF700F76B32 /* LaunchScreen.storyboard in Resources */ = {isa = PBXBuildFile; fileRef = AE5C4E9327966CF700F76B32 /* LaunchScreen.storyboard */; };
		AE5C4E9D2796709A00F76B32 /* TabbarCollectionCell.swift in Sources */ = {isa = PBXBuildFile; fileRef = AE5C4E9C2796709A00F76B32 /* TabbarCollectionCell.swift */; };
		AE5C4EA02796723500F76B32 /* PageCollectionCell.swift in Sources */ = {isa = PBXBuildFile; fileRef = AE5C4E9F2796723500F76B32 /* PageCollectionCell.swift */; };
/* End PBXBuildFile section */

/* Begin PBXFileReference section */
		0A81695F620952D649D9AD3E /* Pods-PagingTabbar.release.xcconfig */ = {isa = PBXFileReference; includeInIndex = 1; lastKnownFileType = text.xcconfig; name = "Pods-PagingTabbar.release.xcconfig"; path = "Target Support Files/Pods-PagingTabbar/Pods-PagingTabbar.release.xcconfig"; sourceTree = "<group>"; };
		8E0EDBEBBA0EDD423F2612F3 /* Pods_PagingTabbar.framework */ = {isa = PBXFileReference; explicitFileType = wrapper.framework; includeInIndex = 0; path = Pods_PagingTabbar.framework; sourceTree = BUILT_PRODUCTS_DIR; };
		AE5C4E8527966CF600F76B32 /* PagingTabbar.app */ = {isa = PBXFileReference; explicitFileType = wrapper.application; includeInIndex = 0; path = PagingTabbar.app; sourceTree = BUILT_PRODUCTS_DIR; };
		AE5C4E8827966CF600F76B32 /* AppDelegate.swift */ = {isa = PBXFileReference; lastKnownFileType = sourcecode.swift; path = AppDelegate.swift; sourceTree = "<group>"; };
		AE5C4E8A27966CF600F76B32 /* SceneDelegate.swift */ = {isa = PBXFileReference; lastKnownFileType = sourcecode.swift; path = SceneDelegate.swift; sourceTree = "<group>"; };
		AE5C4E8C27966CF600F76B32 /* ViewController.swift */ = {isa = PBXFileReference; lastKnownFileType = sourcecode.swift; path = ViewController.swift; sourceTree = "<group>"; };
		AE5C4E9127966CF700F76B32 /* Assets.xcassets */ = {isa = PBXFileReference; lastKnownFileType = folder.assetcatalog; path = Assets.xcassets; sourceTree = "<group>"; };
		AE5C4E9427966CF700F76B32 /* Base */ = {isa = PBXFileReference; lastKnownFileType = file.storyboard; name = Base; path = Base.lproj/LaunchScreen.storyboard; sourceTree = "<group>"; };
		AE5C4E9627966CF700F76B32 /* Info.plist */ = {isa = PBXFileReference; lastKnownFileType = text.plist.xml; path = Info.plist; sourceTree = "<group>"; };
		AE5C4E9C2796709A00F76B32 /* TabbarCollectionCell.swift */ = {isa = PBXFileReference; lastKnownFileType = sourcecode.swift; path = TabbarCollectionCell.swift; sourceTree = "<group>"; };
		AE5C4E9F2796723500F76B32 /* PageCollectionCell.swift */ = {isa = PBXFileReference; lastKnownFileType = sourcecode.swift; name = PageCollectionCell.swift; path = "/Users/jaeyoung/Documents/GitHub/UIkit-basic/PagingTabbar/PagingTabbar/PageCollectionCell.swift"; sourceTree = "<absolute>"; };
		F08CEC970EB973F119990A49 /* Pods-PagingTabbar.debug.xcconfig */ = {isa = PBXFileReference; includeInIndex = 1; lastKnownFileType = text.xcconfig; name = "Pods-PagingTabbar.debug.xcconfig"; path = "Target Support Files/Pods-PagingTabbar/Pods-PagingTabbar.debug.xcconfig"; sourceTree = "<group>"; };
/* End PBXFileReference section */

/* Begin PBXFrameworksBuildPhase section */
		AE5C4E8227966CF600F76B32 /* Frameworks */ = {
			isa = PBXFrameworksBuildPhase;
			buildActionMask = 2147483647;
			files = (
				865F1A0D1CD89E34DC17BD63 /* Pods_PagingTabbar.framework in Frameworks */,
			);
			runOnlyForDeploymentPostprocessing = 0;
		};
/* End PBXFrameworksBuildPhase section */

/* Begin PBXGroup section */
		0DE3FC0DB7F5A4312EAADC3C /* Pods */ = {
			isa = PBXGroup;
			children = (
				F08CEC970EB973F119990A49 /* Pods-PagingTabbar.debug.xcconfig */,
				0A81695F620952D649D9AD3E /* Pods-PagingTabbar.release.xcconfig */,
			);
			path = Pods;
			sourceTree = "<group>";
		};
		779937762C9B906E4838562D /* Frameworks */ = {
			isa = PBXGroup;
			children = (
				8E0EDBEBBA0EDD423F2612F3 /* Pods_PagingTabbar.framework */,
			);
			name = Frameworks;
			sourceTree = "<group>";
		};
		AE5C4E7C27966CF600F76B32 = {
			isa = PBXGroup;
			children = (
				AE5C4E8727966CF600F76B32 /* PagingTabbar */,
				AE5C4E8627966CF600F76B32 /* Products */,
				0DE3FC0DB7F5A4312EAADC3C /* Pods */,
				779937762C9B906E4838562D /* Frameworks */,
			);
			sourceTree = "<group>";
		};
		AE5C4E8627966CF600F76B32 /* Products */ = {
			isa = PBXGroup;
			children = (
				AE5C4E8527966CF600F76B32 /* PagingTabbar.app */,
			);
			name = Products;
			sourceTree = "<group>";
		};
		AE5C4E8727966CF600F76B32 /* PagingTabbar */ = {
			isa = PBXGroup;
			children = (
				AE5C4E8827966CF600F76B32 /* AppDelegate.swift */,
				AE5C4E8A27966CF600F76B32 /* SceneDelegate.swift */,
				AE5C4E8C27966CF600F76B32 /* ViewController.swift */,
				AE5C4E9F2796723500F76B32 /* PageCollectionCell.swift */,
				AE5C4E9C2796709A00F76B32 /* TabbarCollectionCell.swift */,
				AE5C4E9127966CF700F76B32 /* Assets.xcassets */,
				AE5C4E9327966CF700F76B32 /* LaunchScreen.storyboard */,
				AE5C4E9627966CF700F76B32 /* Info.plist */,
			);
			path = PagingTabbar;
			sourceTree = "<group>";
		};
/* End PBXGroup section */

/* Begin PBXNativeTarget section */
		AE5C4E8427966CF600F76B32 /* PagingTabbar */ = {
			isa = PBXNativeTarget;
			buildConfigurationList = AE5C4E9927966CF700F76B32 /* Build configuration list for PBXNativeTarget "PagingTabbar" */;
			buildPhases = (
				650E52EDA56218A8854BE59D /* [CP] Check Pods Manifest.lock */,
				AE5C4E8127966CF600F76B32 /* Sources */,
				AE5C4E8227966CF600F76B32 /* Frameworks */,
				AE5C4E8327966CF600F76B32 /* Resources */,
				921437B705C11032B4557359 /* [CP] Embed Pods Frameworks */,
			);
			buildRules = (
			);
			dependencies = (
			);
			name = PagingTabbar;
			productName = PagingTabbar;
			productReference = AE5C4E8527966CF600F76B32 /* PagingTabbar.app */;
			productType = "com.apple.product-type.application";
		};
/* End PBXNativeTarget section */

/* Begin PBXProject section */
		AE5C4E7D27966CF600F76B32 /* Project object */ = {
			isa = PBXProject;
			attributes = {
				BuildIndependentTargetsInParallel = 1;
				LastSwiftUpdateCheck = 1300;
				LastUpgradeCheck = 1300;
				TargetAttributes = {
					AE5C4E8427966CF600F76B32 = {
						CreatedOnToolsVersion = 13.0;
					};
				};
			};
			buildConfigurationList = AE5C4E8027966CF600F76B32 /* Build configuration list for PBXProject "PagingTabbar" */;
			compatibilityVersion = "Xcode 13.0";
			developmentRegion = en;
			hasScannedForEncodings = 0;
			knownRegions = (
				en,
				Base,
			);
			mainGroup = AE5C4E7C27966CF600F76B32;
			productRefGroup = AE5C4E8627966CF600F76B32 /* Products */;
			projectDirPath = "";
			projectRoot = "";
			targets = (
				AE5C4E8427966CF600F76B32 /* PagingTabbar */,
			);
		};
/* End PBXProject section */

/* Begin PBXResourcesBuildPhase section */
		AE5C4E8327966CF600F76B32 /* Resources */ = {
			isa = PBXResourcesBuildPhase;
			buildActionMask = 2147483647;
			files = (
				AE5C4E9527966CF700F76B32 /* LaunchScreen.storyboard in Resources */,
				AE5C4E9227966CF700F76B32 /* Assets.xcassets in Resources */,
			);
			runOnlyForDeploymentPostprocessing = 0;
		};
/* End PBXResourcesBuildPhase section */

/* Begin PBXShellScriptBuildPhase section */
		650E52EDA56218A8854BE59D /* [CP] Check Pods Manifest.lock */ = {
			isa = PBXShellScriptBuildPhase;
			buildActionMask = 2147483647;
			files = (
			);
			inputFileListPaths = (
			);
			inputPaths = (
				"${PODS_PODFILE_DIR_PATH}/Podfile.lock",
				"${PODS_ROOT}/Manifest.lock",
			);
			name = "[CP] Check Pods Manifest.lock";
			outputFileListPaths = (
			);
			outputPaths = (
				"$(DERIVED_FILE_DIR)/Pods-PagingTabbar-checkManifestLockResult.txt",
			);
			runOnlyForDeploymentPostprocessing = 0;
			shellPath = /bin/sh;
			shellScript = "diff \"${PODS_PODFILE_DIR_PATH}/Podfile.lock\" \"${PODS_ROOT}/Manifest.lock\" > /dev/null\nif [ $? != 0 ] ; then\n    # print error to STDERR\n    echo \"error: The sandbox is not in sync with the Podfile.lock. Run 'pod install' or update your CocoaPods installation.\" >&2\n    exit 1\nfi\n# This output is used by Xcode 'outputs' to avoid re-running this script phase.\necho \"SUCCESS\" > \"${SCRIPT_OUTPUT_FILE_0}\"\n";
			showEnvVarsInLog = 0;
		};
		921437B705C11032B4557359 /* [CP] Embed Pods Frameworks */ = {
			isa = PBXShellScriptBuildPhase;
			buildActionMask = 2147483647;
			files = (
			);
			inputFileListPaths = (
				"${PODS_ROOT}/Target Support Files/Pods-PagingTabbar/Pods-PagingTabbar-frameworks-${CONFIGURATION}-input-files.xcfilelist",
			);
			name = "[CP] Embed Pods Frameworks";
			outputFileListPaths = (
				"${PODS_ROOT}/Target Support Files/Pods-PagingTabbar/Pods-PagingTabbar-frameworks-${CONFIGURATION}-output-files.xcfilelist",
			);
			runOnlyForDeploymentPostprocessing = 0;
			shellPath = /bin/sh;
			shellScript = "\"${PODS_ROOT}/Target Support Files/Pods-PagingTabbar/Pods-PagingTabbar-frameworks.sh\"\n";
			showEnvVarsInLog = 0;
		};
/* End PBXShellScriptBuildPhase section */

/* Begin PBXSourcesBuildPhase section */
		AE5C4E8127966CF600F76B32 /* Sources */ = {
			isa = PBXSourcesBuildPhase;
			buildActionMask = 2147483647;
			files = (
				AE5C4E8D27966CF600F76B32 /* ViewController.swift in Sources */,
				AE5C4EA02796723500F76B32 /* PageCollectionCell.swift in Sources */,
				AE5C4E9D2796709A00F76B32 /* TabbarCollectionCell.swift in Sources */,
				AE5C4E8927966CF600F76B32 /* AppDelegate.swift in Sources */,
				AE5C4E8B27966CF600F76B32 /* SceneDelegate.swift in Sources */,
			);
			runOnlyForDeploymentPostprocessing = 0;
		};
/* End PBXSourcesBuildPhase section */

/* Begin PBXVariantGroup section */
		AE5C4E9327966CF700F76B32 /* LaunchScreen.storyboard */ = {
			isa = PBXVariantGroup;
			children = (
				AE5C4E9427966CF700F76B32 /* Base */,
			);
			name = LaunchScreen.storyboard;
			sourceTree = "<group>";
		};
/* End PBXVariantGroup section */

/* Begin XCBuildConfiguration section */
		AE5C4E9727966CF700F76B32 /* Debug */ = {
			isa = XCBuildConfiguration;
			buildSettings = {
				ALWAYS_SEARCH_USER_PATHS = NO;
				CLANG_ANALYZER_NONNULL = YES;
				CLANG_ANALYZER_NUMBER_OBJECT_CONVERSION = YES_AGGRESSIVE;
				CLANG_CXX_LANGUAGE_STANDARD = "gnu++17";
				CLANG_CXX_LIBRARY = "libc++";
				CLANG_ENABLE_MODULES = YES;
				CLANG_ENABLE_OBJC_ARC = YES;
				CLANG_ENABLE_OBJC_WEAK = YES;
				CLANG_WARN_BLOCK_CAPTURE_AUTORELEASING = YES;
				CLANG_WARN_BOOL_CONVERSION = YES;
				CLANG_WARN_COMMA = YES;
				CLANG_WARN_CONSTANT_CONVERSION = YES;
				CLANG_WARN_DEPRECATED_OBJC_IMPLEMENTATIONS = YES;
				CLANG_WARN_DIRECT_OBJC_ISA_USAGE = YES_ERROR;
				CLANG_WARN_DOCUMENTATION_COMMENTS = YES;
				CLANG_WARN_EMPTY_BODY = YES;
				CLANG_WARN_ENUM_CONVERSION = YES;
				CLANG_WARN_INFINITE_RECURSION = YES;
				CLANG_WARN_INT_CONVERSION = YES;
				CLANG_WARN_NON_LITERAL_NULL_CONVERSION = YES;
				CLANG_WARN_OBJC_IMPLICIT_RETAIN_SELF = YES;
				CLANG_WARN_OBJC_LITERAL_CONVERSION = YES;
				CLANG_WARN_OBJC_ROOT_CLASS = YES_ERROR;
				CLANG_WARN_QUOTED_INCLUDE_IN_FRAMEWORK_HEADER = YES;
				CLANG_WARN_RANGE_LOOP_ANALYSIS = YES;
				CLANG_WARN_STRICT_PROTOTYPES = YES;
				CLANG_WARN_SUSPICIOUS_MOVE = YES;
				CLANG_WARN_UNGUARDED_AVAILABILITY = YES_AGGRESSIVE;
				CLANG_WARN_UNREACHABLE_CODE = YES;
				CLANG_WARN__DUPLICATE_METHOD_MATCH = YES;
				COPY_PHASE_STRIP = NO;
				DEBUG_INFORMATION_FORMAT = dwarf;
				ENABLE_STRICT_OBJC_MSGSEND = YES;
				ENABLE_TESTABILITY = YES;
				GCC_C_LANGUAGE_STANDARD = gnu11;
				GCC_DYNAMIC_NO_PIC = NO;
				GCC_NO_COMMON_BLOCKS = YES;
				GCC_OPTIMIZATION_LEVEL = 0;
				GCC_PREPROCESSOR_DEFINITIONS = (
					"DEBUG=1",
					"$(inherited)",
				);
				GCC_WARN_64_TO_32_BIT_CONVERSION = YES;
				GCC_WARN_ABOUT_RETURN_TYPE = YES_ERROR;
				GCC_WARN_UNDECLARED_SELECTOR = YES;
				GCC_WARN_UNINITIALIZED_AUTOS = YES_AGGRESSIVE;
				GCC_WARN_UNUSED_FUNCTION = YES;
				GCC_WARN_UNUSED_VARIABLE = YES;
				IPHONEOS_DEPLOYMENT_TARGET = 15.0;
				MTL_ENABLE_DEBUG_INFO = INCLUDE_SOURCE;
				MTL_FAST_MATH = YES;
				ONLY_ACTIVE_ARCH = YES;
				SDKROOT = iphoneos;
				SWIFT_ACTIVE_COMPILATION_CONDITIONS = DEBUG;
				SWIFT_OPTIMIZATION_LEVEL = "-Onone";
			};
			name = Debug;
		};
		AE5C4E9827966CF700F76B32 /* Release */ = {
			isa = XCBuildConfiguration;
			buildSettings = {
				ALWAYS_SEARCH_USER_PATHS = NO;
				CLANG_ANALYZER_NONNULL = YES;
				CLANG_ANALYZER_NUMBER_OBJECT_CONVERSION = YES_AGGRESSIVE;
				CLANG_CXX_LANGUAGE_STANDARD = "gnu++17";
				CLANG_CXX_LIBRARY = "libc++";
				CLANG_ENABLE_MODULES = YES;
				CLANG_ENABLE_OBJC_ARC = YES;
				CLANG_ENABLE_OBJC_WEAK = YES;
				CLANG_WARN_BLOCK_CAPTURE_AUTORELEASING = YES;
				CLANG_WARN_BOOL_CONVERSION = YES;
				CLANG_WARN_COMMA = YES;
				CLANG_WARN_CONSTANT_CONVERSION = YES;
				CLANG_WARN_DEPRECATED_OBJC_IMPLEMENTATIONS = YES;
				CLANG_WARN_DIRECT_OBJC_ISA_USAGE = YES_ERROR;
				CLANG_WARN_DOCUMENTATION_COMMENTS = YES;
				CLANG_WARN_EMPTY_BODY = YES;
				CLANG_WARN_ENUM_CONVERSION = YES;
				CLANG_WARN_INFINITE_RECURSION = YES;
				CLANG_WARN_INT_CONVERSION = YES;
				CLANG_WARN_NON_LITERAL_NULL_CONVERSION = YES;
				CLANG_WARN_OBJC_IMPLICIT_RETAIN_SELF = YES;
				CLANG_WARN_OBJC_LITERAL_CONVERSION = YES;
				CLANG_WARN_OBJC_ROOT_CLASS = YES_ERROR;
				CLANG_WARN_QUOTED_INCLUDE_IN_FRAMEWORK_HEADER = YES;
				CLANG_WARN_RANGE_LOOP_ANALYSIS = YES;
				CLANG_WARN_STRICT_PROTOTYPES = YES;
				CLANG_WARN_SUSPICIOUS_MOVE = YES;
				CLANG_WARN_UNGUARDED_AVAILABILITY = YES_AGGRESSIVE;
				CLANG_WARN_UNREACHABLE_CODE = YES;
				CLANG_WARN__DUPLICATE_METHOD_MATCH = YES;
				COPY_PHASE_STRIP = NO;
				DEBUG_INFORMATION_FORMAT = "dwarf-with-dsym";
				ENABLE_NS_ASSERTIONS = NO;
				ENABLE_STRICT_OBJC_MSGSEND = YES;
				GCC_C_LANGUAGE_STANDARD = gnu11;
				GCC_NO_COMMON_BLOCKS = YES;
				GCC_WARN_64_TO_32_BIT_CONVERSION = YES;
				GCC_WARN_ABOUT_RETURN_TYPE = YES_ERROR;
				GCC_WARN_UNDECLARED_SELECTOR = YES;
				GCC_WARN_UNINITIALIZED_AUTOS = YES_AGGRESSIVE;
				GCC_WARN_UNUSED_FUNCTION = YES;
				GCC_WARN_UNUSED_VARIABLE = YES;
				IPHONEOS_DEPLOYMENT_TARGET = 15.0;
				MTL_ENABLE_DEBUG_INFO = NO;
				MTL_FAST_MATH = YES;
				SDKROOT = iphoneos;
				SWIFT_COMPILATION_MODE = wholemodule;
				SWIFT_OPTIMIZATION_LEVEL = "-O";
				VALIDATE_PRODUCT = YES;
			};
			name = Release;
		};
		AE5C4E9A27966CF700F76B32 /* Debug */ = {
			isa = XCBuildConfiguration;
			baseConfigurationReference = F08CEC970EB973F119990A49 /* Pods-PagingTabbar.debug.xcconfig */;
			buildSettings = {
				ASSETCATALOG_COMPILER_APPICON_NAME = AppIcon;
				ASSETCATALOG_COMPILER_GLOBAL_ACCENT_COLOR_NAME = AccentColor;
				CODE_SIGN_STYLE = Automatic;
				CURRENT_PROJECT_VERSION = 1;
				DEVELOPMENT_TEAM = HWBJNMY98D;
				GENERATE_INFOPLIST_FILE = YES;
				INFOPLIST_FILE = PagingTabbar/Info.plist;
				INFOPLIST_KEY_UIApplicationSupportsIndirectInputEvents = YES;
				INFOPLIST_KEY_UILaunchStoryboardName = LaunchScreen;
				INFOPLIST_KEY_UISupportedInterfaceOrientations_iPad = "UIInterfaceOrientationPortrait UIInterfaceOrientationPortraitUpsideDown UIInterfaceOrientationLandscapeLeft UIInterfaceOrientationLandscapeRight";
				INFOPLIST_KEY_UISupportedInterfaceOrientations_iPhone = "UIInterfaceOrientationPortrait UIInterfaceOrientationLandscapeLeft UIInterfaceOrientationLandscapeRight";
				LD_RUNPATH_SEARCH_PATHS = (
					"$(inherited)",
					"@executable_path/Frameworks",
				);
				MARKETING_VERSION = 1.0;
				PRODUCT_BUNDLE_IDENTIFIER = kr.co.test.PagingTabbar;
				PRODUCT_NAME = "$(TARGET_NAME)";
				SWIFT_EMIT_LOC_STRINGS = YES;
				SWIFT_VERSION = 5.0;
				TARGETED_DEVICE_FAMILY = "1,2";
			};
			name = Debug;
		};
		AE5C4E9B27966CF700F76B32 /* Release */ = {
			isa = XCBuildConfiguration;
			baseConfigurationReference = 0A81695F620952D649D9AD3E /* Pods-PagingTabbar.release.xcconfig */;
			buildSettings = {
				ASSETCATALOG_COMPILER_APPICON_NAME = AppIcon;
				ASSETCATALOG_COMPILER_GLOBAL_ACCENT_COLOR_NAME = AccentColor;
				CODE_SIGN_STYLE = Automatic;
				CURRENT_PROJECT_VERSION = 1;
				DEVELOPMENT_TEAM = HWBJNMY98D;
				GENERATE_INFOPLIST_FILE = YES;
				INFOPLIST_FILE = PagingTabbar/Info.plist;
				INFOPLIST_KEY_UIApplicationSupportsIndirectInputEvents = YES;
				INFOPLIST_KEY_UILaunchStoryboardName = LaunchScreen;
				INFOPLIST_KEY_UISupportedInterfaceOrientations_iPad = "UIInterfaceOrientationPortrait UIInterfaceOrientationPortraitUpsideDown UIInterfaceOrientationLandscapeLeft UIInterfaceOrientationLandscapeRight";
				INFOPLIST_KEY_UISupportedInterfaceOrientations_iPhone = "UIInterfaceOrientationPortrait UIInterfaceOrientationLandscapeLeft UIInterfaceOrientationLandscapeRight";
				LD_RUNPATH_SEARCH_PATHS = (
					"$(inherited)",
					"@executable_path/Frameworks",
				);
				MARKETING_VERSION = 1.0;
				PRODUCT_BUNDLE_IDENTIFIER = kr.co.test.PagingTabbar;
				PRODUCT_NAME = "$(TARGET_NAME)";
				SWIFT_EMIT_LOC_STRINGS = YES;
				SWIFT_VERSION = 5.0;
				TARGETED_DEVICE_FAMILY = "1,2";
			};
			name = Release;
		};
/* End XCBuildConfiguration section */

/* Begin XCConfigurationList section */
		AE5C4E8027966CF600F76B32 /* Build configuration list for PBXProject "PagingTabbar" */ = {
			isa = XCConfigurationList;
			buildConfigurations = (
				AE5C4E9727966CF700F76B32 /* Debug */,
				AE5C4E9827966CF700F76B32 /* Release */,
			);
			defaultConfigurationIsVisible = 0;
			defaultConfigurationName = Release;
		};
		AE5C4E9927966CF700F76B32 /* Build configuration list for PBXNativeTarget "PagingTabbar" */ = {
			isa = XCConfigurationList;
			buildConfigurations = (
				AE5C4E9A27966CF700F76B32 /* Debug */,
				AE5C4E9B27966CF700F76B32 /* Release */,
			);
			defaultConfigurationIsVisible = 0;
			defaultConfigurationName = Release;
		};
/* End XCConfigurationList section */
	};
	rootObject = AE5C4E7D27966CF600F76B32 /* Project object */;
}
